// !$*UTF8*$!
{
	archiveVersion = 1;
	classes = {
	};
	objectVersion = 55;
	objects = {

/* Begin PBXBuildFile section */
		95BCDA0528D45F73001070D4 /* AppDelegate.swift in Sources */ = {isa = PBXBuildFile; fileRef = 95BCDA0428D45F73001070D4 /* AppDelegate.swift */; };
		95BCDA0728D45F73001070D4 /* SceneDelegate.swift in Sources */ = {isa = PBXBuildFile; fileRef = 95BCDA0628D45F73001070D4 /* SceneDelegate.swift */; };
		95BCDA0928D45F73001070D4 /* ViewController.swift in Sources */ = {isa = PBXBuildFile; fileRef = 95BCDA0828D45F73001070D4 /* ViewController.swift */; };
		95BCDA0C28D45F73001070D4 /* Main.storyboard in Resources */ = {isa = PBXBuildFile; fileRef = 95BCDA0A28D45F73001070D4 /* Main.storyboard */; };
		95BCDA0E28D45F75001070D4 /* Assets.xcassets in Resources */ = {isa = PBXBuildFile; fileRef = 95BCDA0D28D45F75001070D4 /* Assets.xcassets */; };
		95BCDA1128D45F75001070D4 /* LaunchScreen.storyboard in Resources */ = {isa = PBXBuildFile; fileRef = 95BCDA0F28D45F75001070D4 /* LaunchScreen.storyboard */; };
		95BCDA1E28D46118001070D4 /* FruitTableViewCell.swift in Sources */ = {isa = PBXBuildFile; fileRef = 95BCDA1C28D46118001070D4 /* FruitTableViewCell.swift */; };
		95BCDA1F28D46118001070D4 /* FruitTableViewCell.xib in Resources */ = {isa = PBXBuildFile; fileRef = 95BCDA1D28D46118001070D4 /* FruitTableViewCell.xib */; };
		95BCDA2128D46782001070D4 /* Fruit.swift in Sources */ = {isa = PBXBuildFile; fileRef = 95BCDA2028D46782001070D4 /* Fruit.swift */; };
		95BCDA2328D46D0D001070D4 /* InputFruitViewController.swift in Sources */ = {isa = PBXBuildFile; fileRef = 95BCDA2228D46D0D001070D4 /* InputFruitViewController.swift */; };
/* End PBXBuildFile section */

/* Begin PBXFileReference section */
		95BCDA0128D45F73001070D4 /* MikeKondo-Kadai17.app */ = {isa = PBXFileReference; explicitFileType = wrapper.application; includeInIndex = 0; path = "MikeKondo-Kadai17.app"; sourceTree = BUILT_PRODUCTS_DIR; };
		95BCDA0428D45F73001070D4 /* AppDelegate.swift */ = {isa = PBXFileReference; lastKnownFileType = sourcecode.swift; path = AppDelegate.swift; sourceTree = "<group>"; };
		95BCDA0628D45F73001070D4 /* SceneDelegate.swift */ = {isa = PBXFileReference; lastKnownFileType = sourcecode.swift; path = SceneDelegate.swift; sourceTree = "<group>"; };
		95BCDA0828D45F73001070D4 /* ViewController.swift */ = {isa = PBXFileReference; lastKnownFileType = sourcecode.swift; path = ViewController.swift; sourceTree = "<group>"; };
		95BCDA0B28D45F73001070D4 /* Base */ = {isa = PBXFileReference; lastKnownFileType = file.storyboard; name = Base; path = Base.lproj/Main.storyboard; sourceTree = "<group>"; };
		95BCDA0D28D45F75001070D4 /* Assets.xcassets */ = {isa = PBXFileReference; lastKnownFileType = folder.assetcatalog; path = Assets.xcassets; sourceTree = "<group>"; };
		95BCDA1028D45F75001070D4 /* Base */ = {isa = PBXFileReference; lastKnownFileType = file.storyboard; name = Base; path = Base.lproj/LaunchScreen.storyboard; sourceTree = "<group>"; };
		95BCDA1228D45F75001070D4 /* Info.plist */ = {isa = PBXFileReference; lastKnownFileType = text.plist.xml; path = Info.plist; sourceTree = "<group>"; };
		95BCDA1C28D46118001070D4 /* FruitTableViewCell.swift */ = {isa = PBXFileReference; lastKnownFileType = sourcecode.swift; path = FruitTableViewCell.swift; sourceTree = "<group>"; };
		95BCDA1D28D46118001070D4 /* FruitTableViewCell.xib */ = {isa = PBXFileReference; lastKnownFileType = file.xib; path = FruitTableViewCell.xib; sourceTree = "<group>"; };
		95BCDA2028D46782001070D4 /* Fruit.swift */ = {isa = PBXFileReference; lastKnownFileType = sourcecode.swift; path = Fruit.swift; sourceTree = "<group>"; };
		95BCDA2228D46D0D001070D4 /* InputFruitViewController.swift */ = {isa = PBXFileReference; lastKnownFileType = sourcecode.swift; path = InputFruitViewController.swift; sourceTree = "<group>"; };
/* End PBXFileReference section */

/* Begin PBXFrameworksBuildPhase section */
		95BCD9FE28D45F73001070D4 /* Frameworks */ = {
			isa = PBXFrameworksBuildPhase;
			buildActionMask = 2147483647;
			files = (
			);
			runOnlyForDeploymentPostprocessing = 0;
		};
/* End PBXFrameworksBuildPhase section */

/* Begin PBXGroup section */
		95BCD9F828D45F73001070D4 = {
			isa = PBXGroup;
			children = (
				95BCDA0328D45F73001070D4 /* MikeKondo-Kadai17 */,
				95BCDA0228D45F73001070D4 /* Products */,
			);
			sourceTree = "<group>";
		};
		95BCDA0228D45F73001070D4 /* Products */ = {
			isa = PBXGroup;
			children = (
				95BCDA0128D45F73001070D4 /* MikeKondo-Kadai17.app */,
			);
			name = Products;
			sourceTree = "<group>";
		};
		95BCDA0328D45F73001070D4 /* MikeKondo-Kadai17 */ = {
			isa = PBXGroup;
			children = (
				95BCDA1828D45FBF001070D4 /* Cell */,
				95BCDA0428D45F73001070D4 /* AppDelegate.swift */,
				95BCDA0628D45F73001070D4 /* SceneDelegate.swift */,
				95BCDA0828D45F73001070D4 /* ViewController.swift */,
				95BCDA2228D46D0D001070D4 /* InputFruitViewController.swift */,
				95BCDA2028D46782001070D4 /* Fruit.swift */,
				95BCDA0A28D45F73001070D4 /* Main.storyboard */,
				95BCDA0D28D45F75001070D4 /* Assets.xcassets */,
				95BCDA0F28D45F75001070D4 /* LaunchScreen.storyboard */,
				95BCDA1228D45F75001070D4 /* Info.plist */,
			);
			path = "MikeKondo-Kadai17";
			sourceTree = "<group>";
		};
		95BCDA1828D45FBF001070D4 /* Cell */ = {
			isa = PBXGroup;
			children = (
				95BCDA1C28D46118001070D4 /* FruitTableViewCell.swift */,
				95BCDA1D28D46118001070D4 /* FruitTableViewCell.xib */,
			);
			path = Cell;
			sourceTree = "<group>";
		};
/* End PBXGroup section */

/* Begin PBXNativeTarget section */
		95BCDA0028D45F73001070D4 /* MikeKondo-Kadai17 */ = {
			isa = PBXNativeTarget;
			buildConfigurationList = 95BCDA1528D45F75001070D4 /* Build configuration list for PBXNativeTarget "MikeKondo-Kadai17" */;
			buildPhases = (
				95BCD9FD28D45F73001070D4 /* Sources */,
				95BCD9FE28D45F73001070D4 /* Frameworks */,
				95BCD9FF28D45F73001070D4 /* Resources */,
				954420F228D920F6004C35B9 /* ShellScript */,
			);
			buildRules = (
			);
			dependencies = (
			);
			name = "MikeKondo-Kadai17";
			productName = "MikeKondo-Kadai17";
			productReference = 95BCDA0128D45F73001070D4 /* MikeKondo-Kadai17.app */;
			productType = "com.apple.product-type.application";
		};
/* End PBXNativeTarget section */

/* Begin PBXProject section */
		95BCD9F928D45F73001070D4 /* Project object */ = {
			isa = PBXProject;
			attributes = {
				BuildIndependentTargetsInParallel = 1;
				LastSwiftUpdateCheck = 1340;
				LastUpgradeCheck = 1340;
				TargetAttributes = {
					95BCDA0028D45F73001070D4 = {
						CreatedOnToolsVersion = 13.4.1;
					};
				};
			};
			buildConfigurationList = 95BCD9FC28D45F73001070D4 /* Build configuration list for PBXProject "MikeKondo-Kadai17" */;
			compatibilityVersion = "Xcode 13.0";
			developmentRegion = en;
			hasScannedForEncodings = 0;
			knownRegions = (
				en,
				Base,
			);
			mainGroup = 95BCD9F828D45F73001070D4;
			productRefGroup = 95BCDA0228D45F73001070D4 /* Products */;
			projectDirPath = "";
			projectRoot = "";
			targets = (
				95BCDA0028D45F73001070D4 /* MikeKondo-Kadai17 */,
			);
		};
/* End PBXProject section */

/* Begin PBXResourcesBuildPhase section */
		95BCD9FF28D45F73001070D4 /* Resources */ = {
			isa = PBXResourcesBuildPhase;
			buildActionMask = 2147483647;
			files = (
				95BCDA1F28D46118001070D4 /* FruitTableViewCell.xib in Resources */,
				95BCDA1128D45F75001070D4 /* LaunchScreen.storyboard in Resources */,
				95BCDA0E28D45F75001070D4 /* Assets.xcassets in Resources */,
				95BCDA0C28D45F73001070D4 /* Main.storyboard in Resources */,
			);
			runOnlyForDeploymentPostprocessing = 0;
		};
/* End PBXResourcesBuildPhase section */

/* Begin PBXShellScriptBuildPhase section */
		954420F228D920F6004C35B9 /* ShellScript */ = {
			isa = PBXShellScriptBuildPhase;
			buildActionMask = 2147483647;
			files = (
			);
			inputFileListPaths = (
			);
			inputPaths = (
			);
			outputFileListPaths = (
			);
			outputPaths = (
			);
			runOnlyForDeploymentPostprocessing = 0;
			shellPath = /bin/sh;
			shellScript = "# Type a script or drag a script file from your workspace to insert its path.\nif which swiftlint >/dev/null; then\n  swiftlint\nelse\n  echo \"warning: SwiftLint not installed, download from https://github.com/realm/SwiftLint\"\nfi\n";
		};
/* End PBXShellScriptBuildPhase section */

/* Begin PBXSourcesBuildPhase section */
		95BCD9FD28D45F73001070D4 /* Sources */ = {
			isa = PBXSourcesBuildPhase;
			buildActionMask = 2147483647;
			files = (
				95BCDA2128D46782001070D4 /* Fruit.swift in Sources */,
				95BCDA2328D46D0D001070D4 /* InputFruitViewController.swift in Sources */,
				95BCDA0928D45F73001070D4 /* ViewController.swift in Sources */,
				95BCDA1E28D46118001070D4 /* FruitTableViewCell.swift in Sources */,
				95BCDA0528D45F73001070D4 /* AppDelegate.swift in Sources */,
				95BCDA0728D45F73001070D4 /* SceneDelegate.swift in Sources */,
			);
			runOnlyForDeploymentPostprocessing = 0;
		};
/* End PBXSourcesBuildPhase section */

/* Begin PBXVariantGroup section */
		95BCDA0A28D45F73001070D4 /* Main.storyboard */ = {
			isa = PBXVariantGroup;
			children = (
				95BCDA0B28D45F73001070D4 /* Base */,
			);
			name = Main.storyboard;
			sourceTree = "<group>";
		};
		95BCDA0F28D45F75001070D4 /* LaunchScreen.storyboard */ = {
			isa = PBXVariantGroup;
			children = (
				95BCDA1028D45F75001070D4 /* Base */,
			);
			name = LaunchScreen.storyboard;
			sourceTree = "<group>";
		};
/* End PBXVariantGroup section */

/* Begin XCBuildConfiguration section */
		95BCDA1328D45F75001070D4 /* Debug */ = {
			isa = XCBuildConfiguration;
			buildSettings = {
				ALWAYS_SEARCH_USER_PATHS = NO;
				CLANG_ANALYZER_NONNULL = YES;
				CLANG_ANALYZER_NUMBER_OBJECT_CONVERSION = YES_AGGRESSIVE;
				CLANG_CXX_LANGUAGE_STANDARD = "gnu++17";
				CLANG_ENABLE_MODULES = YES;
				CLANG_ENABLE_OBJC_ARC = YES;
				CLANG_ENABLE_OBJC_WEAK = YES;
				CLANG_WARN_BLOCK_CAPTURE_AUTORELEASING = YES;
				CLANG_WARN_BOOL_CONVERSION = YES;
				CLANG_WARN_COMMA = YES;
				CLANG_WARN_CONSTANT_CONVERSION = YES;
				CLANG_WARN_DEPRECATED_OBJC_IMPLEMENTATIONS = YES;
				CLANG_WARN_DIRECT_OBJC_ISA_USAGE = YES_ERROR;
				CLANG_WARN_DOCUMENTATION_COMMENTS = YES;
				CLANG_WARN_EMPTY_BODY = YES;
				CLANG_WARN_ENUM_CONVERSION = YES;
				CLANG_WARN_INFINITE_RECURSION = YES;
				CLANG_WARN_INT_CONVERSION = YES;
				CLANG_WARN_NON_LITERAL_NULL_CONVERSION = YES;
				CLANG_WARN_OBJC_IMPLICIT_RETAIN_SELF = YES;
				CLANG_WARN_OBJC_LITERAL_CONVERSION = YES;
				CLANG_WARN_OBJC_ROOT_CLASS = YES_ERROR;
				CLANG_WARN_QUOTED_INCLUDE_IN_FRAMEWORK_HEADER = YES;
				CLANG_WARN_RANGE_LOOP_ANALYSIS = YES;
				CLANG_WARN_STRICT_PROTOTYPES = YES;
				CLANG_WARN_SUSPICIOUS_MOVE = YES;
				CLANG_WARN_UNGUARDED_AVAILABILITY = YES_AGGRESSIVE;
				CLANG_WARN_UNREACHABLE_CODE = YES;
				CLANG_WARN__DUPLICATE_METHOD_MATCH = YES;
				COPY_PHASE_STRIP = NO;
				DEBUG_INFORMATION_FORMAT = dwarf;
				ENABLE_STRICT_OBJC_MSGSEND = YES;
				ENABLE_TESTABILITY = YES;
				GCC_C_LANGUAGE_STANDARD = gnu11;
				GCC_DYNAMIC_NO_PIC = NO;
				GCC_NO_COMMON_BLOCKS = YES;
				GCC_OPTIMIZATION_LEVEL = 0;
				GCC_PREPROCESSOR_DEFINITIONS = (
					"DEBUG=1",
					"$(inherited)",
				);
				GCC_WARN_64_TO_32_BIT_CONVERSION = YES;
				GCC_WARN_ABOUT_RETURN_TYPE = YES_ERROR;
				GCC_WARN_UNDECLARED_SELECTOR = YES;
				GCC_WARN_UNINITIALIZED_AUTOS = YES_AGGRESSIVE;
				GCC_WARN_UNUSED_FUNCTION = YES;
				GCC_WARN_UNUSED_VARIABLE = YES;
				IPHONEOS_DEPLOYMENT_TARGET = 15.5;
				MTL_ENABLE_DEBUG_INFO = INCLUDE_SOURCE;
				MTL_FAST_MATH = YES;
				ONLY_ACTIVE_ARCH = YES;
				SDKROOT = iphoneos;
				SWIFT_ACTIVE_COMPILATION_CONDITIONS = DEBUG;
				SWIFT_OPTIMIZATION_LEVEL = "-Onone";
			};
			name = Debug;
		};
		95BCDA1428D45F75001070D4 /* Release */ = {
			isa = XCBuildConfiguration;
			buildSettings = {
				ALWAYS_SEARCH_USER_PATHS = NO;
				CLANG_ANALYZER_NONNULL = YES;
				CLANG_ANALYZER_NUMBER_OBJECT_CONVERSION = YES_AGGRESSIVE;
				CLANG_CXX_LANGUAGE_STANDARD = "gnu++17";
				CLANG_ENABLE_MODULES = YES;
				CLANG_ENABLE_OBJC_ARC = YES;
				CLANG_ENABLE_OBJC_WEAK = YES;
				CLANG_WARN_BLOCK_CAPTURE_AUTORELEASING = YES;
				CLANG_WARN_BOOL_CONVERSION = YES;
				CLANG_WARN_COMMA = YES;
				CLANG_WARN_CONSTANT_CONVERSION = YES;
				CLANG_WARN_DEPRECATED_OBJC_IMPLEMENTATIONS = YES;
				CLANG_WARN_DIRECT_OBJC_ISA_USAGE = YES_ERROR;
				CLANG_WARN_DOCUMENTATION_COMMENTS = YES;
				CLANG_WARN_EMPTY_BODY = YES;
				CLANG_WARN_ENUM_CONVERSION = YES;
				CLANG_WARN_INFINITE_RECURSION = YES;
				CLANG_WARN_INT_CONVERSION = YES;
				CLANG_WARN_NON_LITERAL_NULL_CONVERSION = YES;
				CLANG_WARN_OBJC_IMPLICIT_RETAIN_SELF = YES;
				CLANG_WARN_OBJC_LITERAL_CONVERSION = YES;
				CLANG_WARN_OBJC_ROOT_CLASS = YES_ERROR;
				CLANG_WARN_QUOTED_INCLUDE_IN_FRAMEWORK_HEADER = YES;
				CLANG_WARN_RANGE_LOOP_ANALYSIS = YES;
				CLANG_WARN_STRICT_PROTOTYPES = YES;
				CLANG_WARN_SUSPICIOUS_MOVE = YES;
				CLANG_WARN_UNGUARDED_AVAILABILITY = YES_AGGRESSIVE;
				CLANG_WARN_UNREACHABLE_CODE = YES;
				CLANG_WARN__DUPLICATE_METHOD_MATCH = YES;
				COPY_PHASE_STRIP = NO;
				DEBUG_INFORMATION_FORMAT = "dwarf-with-dsym";
				ENABLE_NS_ASSERTIONS = NO;
				ENABLE_STRICT_OBJC_MSGSEND = YES;
				GCC_C_LANGUAGE_STANDARD = gnu11;
				GCC_NO_COMMON_BLOCKS = YES;
				GCC_WARN_64_TO_32_BIT_CONVERSION = YES;
				GCC_WARN_ABOUT_RETURN_TYPE = YES_ERROR;
				GCC_WARN_UNDECLARED_SELECTOR = YES;
				GCC_WARN_UNINITIALIZED_AUTOS = YES_AGGRESSIVE;
				GCC_WARN_UNUSED_FUNCTION = YES;
				GCC_WARN_UNUSED_VARIABLE = YES;
				IPHONEOS_DEPLOYMENT_TARGET = 15.5;
				MTL_ENABLE_DEBUG_INFO = NO;
				MTL_FAST_MATH = YES;
				SDKROOT = iphoneos;
				SWIFT_COMPILATION_MODE = wholemodule;
				SWIFT_OPTIMIZATION_LEVEL = "-O";
				VALIDATE_PRODUCT = YES;
			};
			name = Release;
		};
		95BCDA1628D45F75001070D4 /* Debug */ = {
			isa = XCBuildConfiguration;
			buildSettings = {
				ASSETCATALOG_COMPILER_APPICON_NAME = AppIcon;
				ASSETCATALOG_COMPILER_GLOBAL_ACCENT_COLOR_NAME = AccentColor;
				CODE_SIGN_STYLE = Automatic;
				CURRENT_PROJECT_VERSION = 1;
				DEVELOPMENT_TEAM = 7X9S244452;
				GENERATE_INFOPLIST_FILE = YES;
				INFOPLIST_FILE = "MikeKondo-Kadai17/Info.plist";
				INFOPLIST_KEY_UIApplicationSupportsIndirectInputEvents = YES;
				INFOPLIST_KEY_UILaunchStoryboardName = LaunchScreen;
				INFOPLIST_KEY_UIMainStoryboardFile = Main;
				INFOPLIST_KEY_UISupportedInterfaceOrientations_iPad = "UIInterfaceOrientationPortrait UIInterfaceOrientationPortraitUpsideDown UIInterfaceOrientationLandscapeLeft UIInterfaceOrientationLandscapeRight";
				INFOPLIST_KEY_UISupportedInterfaceOrientations_iPhone = "UIInterfaceOrientationPortrait UIInterfaceOrientationLandscapeLeft UIInterfaceOrientationLandscapeRight";
				LD_RUNPATH_SEARCH_PATHS = (
					"$(inherited)",
					"@executable_path/Frameworks",
				);
				MARKETING_VERSION = 1.0;
				PRODUCT_BUNDLE_IDENTIFIER = "com.mkondo.MikeKondo-Kadai17";
				PRODUCT_NAME = "$(TARGET_NAME)";
				SWIFT_EMIT_LOC_STRINGS = YES;
				SWIFT_VERSION = 5.0;
				TARGETED_DEVICE_FAMILY = "1,2";
			};
			name = Debug;
		};
		95BCDA1728D45F75001070D4 /* Release */ = {
			isa = XCBuildConfiguration;
			buildSettings = {
				ASSETCATALOG_COMPILER_APPICON_NAME = AppIcon;
				ASSETCATALOG_COMPILER_GLOBAL_ACCENT_COLOR_NAME = AccentColor;
				CODE_SIGN_STYLE = Automatic;
				CURRENT_PROJECT_VERSION = 1;
				DEVELOPMENT_TEAM = 7X9S244452;
				GENERATE_INFOPLIST_FILE = YES;
				INFOPLIST_FILE = "MikeKondo-Kadai17/Info.plist";
				INFOPLIST_KEY_UIApplicationSupportsIndirectInputEvents = YES;
				INFOPLIST_KEY_UILaunchStoryboardName = LaunchScreen;
				INFOPLIST_KEY_UIMainStoryboardFile = Main;
				INFOPLIST_KEY_UISupportedInterfaceOrientations_iPad = "UIInterfaceOrientationPortrait UIInterfaceOrientationPortraitUpsideDown UIInterfaceOrientationLandscapeLeft UIInterfaceOrientationLandscapeRight";
				INFOPLIST_KEY_UISupportedInterfaceOrientations_iPhone = "UIInterfaceOrientationPortrait UIInterfaceOrientationLandscapeLeft UIInterfaceOrientationLandscapeRight";
				LD_RUNPATH_SEARCH_PATHS = (
					"$(inherited)",
					"@executable_path/Frameworks",
				);
				MARKETING_VERSION = 1.0;
				PRODUCT_BUNDLE_IDENTIFIER = "com.mkondo.MikeKondo-Kadai17";
				PRODUCT_NAME = "$(TARGET_NAME)";
				SWIFT_EMIT_LOC_STRINGS = YES;
				SWIFT_VERSION = 5.0;
				TARGETED_DEVICE_FAMILY = "1,2";
			};
			name = Release;
		};
/* End XCBuildConfiguration section */

/* Begin XCConfigurationList section */
		95BCD9FC28D45F73001070D4 /* Build configuration list for PBXProject "MikeKondo-Kadai17" */ = {
			isa = XCConfigurationList;
			buildConfigurations = (
				95BCDA1328D45F75001070D4 /* Debug */,
				95BCDA1428D45F75001070D4 /* Release */,
			);
			defaultConfigurationIsVisible = 0;
			defaultConfigurationName = Release;
		};
		95BCDA1528D45F75001070D4 /* Build configuration list for PBXNativeTarget "MikeKondo-Kadai17" */ = {
			isa = XCConfigurationList;
			buildConfigurations = (
				95BCDA1628D45F75001070D4 /* Debug */,
				95BCDA1728D45F75001070D4 /* Release */,
			);
			defaultConfigurationIsVisible = 0;
			defaultConfigurationName = Release;
		};
/* End XCConfigurationList section */
	};
	rootObject = 95BCD9F928D45F73001070D4 /* Project object */;
}
